{
  "name": "baxendelesummarizer",
  "version": "0.0.1",
  "lockfileVersion": 1,
  "requires": true,
  "dependencies": {
    "get-sentences-from-article": {
      "version": "1.0.5",
      "resolved": "https://registry.npmjs.org/get-sentences-from-article/-/get-sentences-from-article-1.0.5.tgz",
      "integrity": "sha512-QOY19lHTGdsffzQ8GpN04t2WZb9Ib3OLth1t0kBqclIXvZ8X8OE/ROdVS6/A+6ddgE5kjXf6w+q3wpaI733iYw==",
      "requires": {
        "lodash": "^3.10.1"
      }
    },
    "lodash": {
      "version": "3.10.1",
      "resolved": "http://registry.npmjs.org/lodash/-/lodash-3.10.1.tgz",
      "integrity": "sha1-W/Rejkm6QYnhfUgnid/RW9FAt7Y="
    }
  }
}
